
Microsoft Visual Studio Solution File, Format Version 12.00
# Visual Studio Version 17
VisualStudioVersion = 17.9.34728.123
MinimumVisualStudioVersion = 10.0.40219.1
Project("{FAE04EC0-301F-11D3-BF4B-00C04F79EFBC}") = "Lab-Visual-Studio", "Lab-Visual-Studio\Lab-Visual-Studio.csproj", "{E93D7286-DC63-402C-A58B-240C542513FD}"
EndProject
Project("{FAE04EC0-301F-11D3-BF4B-00C04F79EFBC}") = "Greeting", "Greeting\Greeting.csproj", "{4D473CE2-898F-439B-B059-84AB781DE68D}"
EndProject
Project("{FAE04EC0-301F-11D3-BF4B-00C04F79EFBC}") = "Customer Info", "Customer Info\Customer Info.csproj", "{89D942D2-E0CD-435D-B297-F30D2B4ED94E}"
EndProject
Project("{FAE04EC0-301F-11D3-BF4B-00C04F79EFBC}") = "Person Info", "Person Info\Person Info.csproj", "{ED3B5C1E-1FD4-43F0-8F98-1B0D667B81D8}"
EndProject
Project("{FAE04EC0-301F-11D3-BF4B-00C04F79EFBC}") = "Town Info", "Town Info\Town Info.csproj", "{500019D3-5557-402D-9A15-680FCC891B9B}"
EndProject
Global
	GlobalSection(SolutionConfigurationPlatforms) = preSolution
		Debug|Any CPU = Debug|Any CPU
		Release|Any CPU = Release|Any CPU
	EndGlobalSection
	GlobalSection(ProjectConfigurationPlatforms) = postSolution
		{E93D7286-DC63-402C-A58B-240C542513FD}.Debug|Any CPU.ActiveCfg = Debug|Any CPU
		{E93D7286-DC63-402C-A58B-240C542513FD}.Debug|Any CPU.Build.0 = Debug|Any CPU
		{E93D7286-DC63-402C-A58B-240C542513FD}.Release|Any CPU.ActiveCfg = Release|Any CPU
		{E93D7286-DC63-402C-A58B-240C542513FD}.Release|Any CPU.Build.0 = Release|Any CPU
		{4D473CE2-898F-439B-B059-84AB781DE68D}.Debug|Any CPU.ActiveCfg = Debug|Any CPU
		{4D473CE2-898F-439B-B059-84AB781DE68D}.Debug|Any CPU.Build.0 = Debug|Any CPU
		{4D473CE2-898F-439B-B059-84AB781DE68D}.Release|Any CPU.ActiveCfg = Release|Any CPU
		{4D473CE2-898F-439B-B059-84AB781DE68D}.Release|Any CPU.Build.0 = Release|Any CPU
		{89D942D2-E0CD-435D-B297-F30D2B4ED94E}.Debug|Any CPU.ActiveCfg = Debug|Any CPU
		{89D942D2-E0CD-435D-B297-F30D2B4ED94E}.Debug|Any CPU.Build.0 = Debug|Any CPU
		{89D942D2-E0CD-435D-B297-F30D2B4ED94E}.Release|Any CPU.ActiveCfg = Release|Any CPU
		{89D942D2-E0CD-435D-B297-F30D2B4ED94E}.Release|Any CPU.Build.0 = Release|Any CPU
		{ED3B5C1E-1FD4-43F0-8F98-1B0D667B81D8}.Debug|Any CPU.ActiveCfg = Debug|Any CPU
		{ED3B5C1E-1FD4-43F0-8F98-1B0D667B81D8}.Debug|Any CPU.Build.0 = Debug|Any CPU
		{ED3B5C1E-1FD4-43F0-8F98-1B0D667B81D8}.Release|Any CPU.ActiveCfg = Release|Any CPU
		{ED3B5C1E-1FD4-43F0-8F98-1B0D667B81D8}.Release|Any CPU.Build.0 = Release|Any CPU
		{500019D3-5557-402D-9A15-680FCC891B9B}.Debug|Any CPU.ActiveCfg = Debug|Any CPU
		{500019D3-5557-402D-9A15-680FCC891B9B}.Debug|Any CPU.Build.0 = Debug|Any CPU
		{500019D3-5557-402D-9A15-680FCC891B9B}.Release|Any CPU.ActiveCfg = Release|Any CPU
		{500019D3-5557-402D-9A15-680FCC891B9B}.Release|Any CPU.Build.0 = Release|Any CPU
	EndGlobalSection
	GlobalSection(SolutionProperties) = preSolution
		HideSolutionNode = FALSE
	EndGlobalSection
	GlobalSection(ExtensibilityGlobals) = postSolution
		SolutionGuid = {D08B0C28-1F17-4264-A6CB-016BF1F44327}
	EndGlobalSection
EndGlobal
