
Microsoft Visual Studio Solution File, Format Version 12.00
# Visual Studio Version 17
VisualStudioVersion = 17.9.34728.123
MinimumVisualStudioVersion = 10.0.40219.1
Project("{FAE04EC0-301F-11D3-BF4B-00C04F79EFBC}") = "Songs", "Songs\Songs.csproj", "{A617EB9A-C40F-4E88-8C38-3E7A48F2B2BD}"
EndProject
Project("{FAE04EC0-301F-11D3-BF4B-00C04F79EFBC}") = "StoreBoxes", "Song\StoreBoxes.csproj", "{84BAB709-8E1A-4F3E-999C-D73AAA54DC05}"
EndProject
Project("{FAE04EC0-301F-11D3-BF4B-00C04F79EFBC}") = "Students", "Students\Students.csproj", "{6F4E4372-7B34-4439-9AFA-6463A799AE45}"
EndProject
Global
	GlobalSection(SolutionConfigurationPlatforms) = preSolution
		Debug|Any CPU = Debug|Any CPU
		Release|Any CPU = Release|Any CPU
	EndGlobalSection
	GlobalSection(ProjectConfigurationPlatforms) = postSolution
		{A617EB9A-C40F-4E88-8C38-3E7A48F2B2BD}.Debug|Any CPU.ActiveCfg = Debug|Any CPU
		{A617EB9A-C40F-4E88-8C38-3E7A48F2B2BD}.Debug|Any CPU.Build.0 = Debug|Any CPU
		{A617EB9A-C40F-4E88-8C38-3E7A48F2B2BD}.Release|Any CPU.ActiveCfg = Release|Any CPU
		{A617EB9A-C40F-4E88-8C38-3E7A48F2B2BD}.Release|Any CPU.Build.0 = Release|Any CPU
		{84BAB709-8E1A-4F3E-999C-D73AAA54DC05}.Debug|Any CPU.ActiveCfg = Debug|Any CPU
		{84BAB709-8E1A-4F3E-999C-D73AAA54DC05}.Debug|Any CPU.Build.0 = Debug|Any CPU
		{84BAB709-8E1A-4F3E-999C-D73AAA54DC05}.Release|Any CPU.ActiveCfg = Release|Any CPU
		{84BAB709-8E1A-4F3E-999C-D73AAA54DC05}.Release|Any CPU.Build.0 = Release|Any CPU
		{6F4E4372-7B34-4439-9AFA-6463A799AE45}.Debug|Any CPU.ActiveCfg = Debug|Any CPU
		{6F4E4372-7B34-4439-9AFA-6463A799AE45}.Debug|Any CPU.Build.0 = Debug|Any CPU
		{6F4E4372-7B34-4439-9AFA-6463A799AE45}.Release|Any CPU.ActiveCfg = Release|Any CPU
		{6F4E4372-7B34-4439-9AFA-6463A799AE45}.Release|Any CPU.Build.0 = Release|Any CPU
	EndGlobalSection
	GlobalSection(SolutionProperties) = preSolution
		HideSolutionNode = FALSE
	EndGlobalSection
	GlobalSection(ExtensibilityGlobals) = postSolution
		SolutionGuid = {AE390A8B-D6DD-4D2C-93E1-6D7242AFA628}
	EndGlobalSection
EndGlobal
