
Microsoft Visual Studio Solution File, Format Version 12.00
# Visual Studio Version 17
VisualStudioVersion = 17.9.34728.123
MinimumVisualStudioVersion = 10.0.40219.1
Project("{FAE04EC0-301F-11D3-BF4B-00C04F79EFBC}") = "Change List", "Change List\Change List.csproj", "{5BF95CE4-01C0-454D-935C-DBD13D408B01}"
EndProject
Project("{FAE04EC0-301F-11D3-BF4B-00C04F79EFBC}") = "ListOfProducts", "ListOfProducts\ListOfProducts.csproj", "{CA1DAA35-CFD4-40E2-B69B-A59F49D40C69}"
EndProject
Project("{FAE04EC0-301F-11D3-BF4B-00C04F79EFBC}") = "RemoveNegativesAndReverse", "RemoveNegativesAndReverse\RemoveNegativesAndReverse.csproj", "{8058C29B-C4FF-4305-B04B-8A2D562A7B86}"
EndProject
Project("{FAE04EC0-301F-11D3-BF4B-00C04F79EFBC}") = "ListManipulationBasics", "ListManipulationBasics\ListManipulationBasics.csproj", "{5DB72250-C179-467C-BDEA-5C7F05631C50}"
EndProject
Project("{FAE04EC0-301F-11D3-BF4B-00C04F79EFBC}") = "ListManipulationAdvanced", "ListManipulationAdvanced\ListManipulationAdvanced.csproj", "{DA731F64-DF28-4116-9DAA-1F6927781282}"
EndProject
Global
	GlobalSection(SolutionConfigurationPlatforms) = preSolution
		Debug|Any CPU = Debug|Any CPU
		Release|Any CPU = Release|Any CPU
	EndGlobalSection
	GlobalSection(ProjectConfigurationPlatforms) = postSolution
		{5BF95CE4-01C0-454D-935C-DBD13D408B01}.Debug|Any CPU.ActiveCfg = Debug|Any CPU
		{5BF95CE4-01C0-454D-935C-DBD13D408B01}.Debug|Any CPU.Build.0 = Debug|Any CPU
		{5BF95CE4-01C0-454D-935C-DBD13D408B01}.Release|Any CPU.ActiveCfg = Release|Any CPU
		{5BF95CE4-01C0-454D-935C-DBD13D408B01}.Release|Any CPU.Build.0 = Release|Any CPU
		{CA1DAA35-CFD4-40E2-B69B-A59F49D40C69}.Debug|Any CPU.ActiveCfg = Debug|Any CPU
		{CA1DAA35-CFD4-40E2-B69B-A59F49D40C69}.Debug|Any CPU.Build.0 = Debug|Any CPU
		{CA1DAA35-CFD4-40E2-B69B-A59F49D40C69}.Release|Any CPU.ActiveCfg = Release|Any CPU
		{CA1DAA35-CFD4-40E2-B69B-A59F49D40C69}.Release|Any CPU.Build.0 = Release|Any CPU
		{8058C29B-C4FF-4305-B04B-8A2D562A7B86}.Debug|Any CPU.ActiveCfg = Debug|Any CPU
		{8058C29B-C4FF-4305-B04B-8A2D562A7B86}.Debug|Any CPU.Build.0 = Debug|Any CPU
		{8058C29B-C4FF-4305-B04B-8A2D562A7B86}.Release|Any CPU.ActiveCfg = Release|Any CPU
		{8058C29B-C4FF-4305-B04B-8A2D562A7B86}.Release|Any CPU.Build.0 = Release|Any CPU
		{5DB72250-C179-467C-BDEA-5C7F05631C50}.Debug|Any CPU.ActiveCfg = Debug|Any CPU
		{5DB72250-C179-467C-BDEA-5C7F05631C50}.Debug|Any CPU.Build.0 = Debug|Any CPU
		{5DB72250-C179-467C-BDEA-5C7F05631C50}.Release|Any CPU.ActiveCfg = Release|Any CPU
		{5DB72250-C179-467C-BDEA-5C7F05631C50}.Release|Any CPU.Build.0 = Release|Any CPU
		{DA731F64-DF28-4116-9DAA-1F6927781282}.Debug|Any CPU.ActiveCfg = Debug|Any CPU
		{DA731F64-DF28-4116-9DAA-1F6927781282}.Debug|Any CPU.Build.0 = Debug|Any CPU
		{DA731F64-DF28-4116-9DAA-1F6927781282}.Release|Any CPU.ActiveCfg = Release|Any CPU
		{DA731F64-DF28-4116-9DAA-1F6927781282}.Release|Any CPU.Build.0 = Release|Any CPU
	EndGlobalSection
	GlobalSection(SolutionProperties) = preSolution
		HideSolutionNode = FALSE
	EndGlobalSection
	GlobalSection(ExtensibilityGlobals) = postSolution
		SolutionGuid = {D24FAC8D-94E4-4FF6-BAEC-1BB9B6CB9D03}
	EndGlobalSection
EndGlobal
