
Microsoft Visual Studio Solution File, Format Version 12.00
# Visual Studio Version 17
VisualStudioVersion = 17.9.34728.123
MinimumVisualStudioVersion = 10.0.40219.1
Project("{FAE04EC0-301F-11D3-BF4B-00C04F79EFBC}") = "Lab-Simple Commands", "Lab-Simple Commands\Lab-Simple Commands.csproj", "{A12DCDE9-5A98-45AA-B0A7-337B53DEDFD1}"
EndProject
Project("{FAE04EC0-301F-11D3-BF4B-00C04F79EFBC}") = "Print5x5", "Print5x5\Print5x5.csproj", "{9E59E0AE-7CED-489E-95C8-6C7ABE7A0597}"
EndProject
Project("{FAE04EC0-301F-11D3-BF4B-00C04F79EFBC}") = "Number Operations", "Number Operations\Number Operations.csproj", "{F8634D97-A4D9-4F7A-BDB8-CF8005C72F8F}"
EndProject
Project("{FAE04EC0-301F-11D3-BF4B-00C04F79EFBC}") = "Calculations", "Calculations\Calculations.csproj", "{8D2A9E08-F1DD-44B5-89A4-A01894BB21E4}"
EndProject
Project("{FAE04EC0-301F-11D3-BF4B-00C04F79EFBC}") = "Square of 7 x 7 stars", "Square of 7 x 7 stars\Square of 7 x 7 stars.csproj", "{2ADD1268-3D38-45D0-9FA5-24617F479DDB}"
EndProject
Global
	GlobalSection(SolutionConfigurationPlatforms) = preSolution
		Debug|Any CPU = Debug|Any CPU
		Release|Any CPU = Release|Any CPU
	EndGlobalSection
	GlobalSection(ProjectConfigurationPlatforms) = postSolution
		{A12DCDE9-5A98-45AA-B0A7-337B53DEDFD1}.Debug|Any CPU.ActiveCfg = Debug|Any CPU
		{A12DCDE9-5A98-45AA-B0A7-337B53DEDFD1}.Debug|Any CPU.Build.0 = Debug|Any CPU
		{A12DCDE9-5A98-45AA-B0A7-337B53DEDFD1}.Release|Any CPU.ActiveCfg = Release|Any CPU
		{A12DCDE9-5A98-45AA-B0A7-337B53DEDFD1}.Release|Any CPU.Build.0 = Release|Any CPU
		{9E59E0AE-7CED-489E-95C8-6C7ABE7A0597}.Debug|Any CPU.ActiveCfg = Debug|Any CPU
		{9E59E0AE-7CED-489E-95C8-6C7ABE7A0597}.Debug|Any CPU.Build.0 = Debug|Any CPU
		{9E59E0AE-7CED-489E-95C8-6C7ABE7A0597}.Release|Any CPU.ActiveCfg = Release|Any CPU
		{9E59E0AE-7CED-489E-95C8-6C7ABE7A0597}.Release|Any CPU.Build.0 = Release|Any CPU
		{F8634D97-A4D9-4F7A-BDB8-CF8005C72F8F}.Debug|Any CPU.ActiveCfg = Debug|Any CPU
		{F8634D97-A4D9-4F7A-BDB8-CF8005C72F8F}.Debug|Any CPU.Build.0 = Debug|Any CPU
		{F8634D97-A4D9-4F7A-BDB8-CF8005C72F8F}.Release|Any CPU.ActiveCfg = Release|Any CPU
		{F8634D97-A4D9-4F7A-BDB8-CF8005C72F8F}.Release|Any CPU.Build.0 = Release|Any CPU
		{8D2A9E08-F1DD-44B5-89A4-A01894BB21E4}.Debug|Any CPU.ActiveCfg = Debug|Any CPU
		{8D2A9E08-F1DD-44B5-89A4-A01894BB21E4}.Debug|Any CPU.Build.0 = Debug|Any CPU
		{8D2A9E08-F1DD-44B5-89A4-A01894BB21E4}.Release|Any CPU.ActiveCfg = Release|Any CPU
		{8D2A9E08-F1DD-44B5-89A4-A01894BB21E4}.Release|Any CPU.Build.0 = Release|Any CPU
		{2ADD1268-3D38-45D0-9FA5-24617F479DDB}.Debug|Any CPU.ActiveCfg = Debug|Any CPU
		{2ADD1268-3D38-45D0-9FA5-24617F479DDB}.Debug|Any CPU.Build.0 = Debug|Any CPU
		{2ADD1268-3D38-45D0-9FA5-24617F479DDB}.Release|Any CPU.ActiveCfg = Release|Any CPU
		{2ADD1268-3D38-45D0-9FA5-24617F479DDB}.Release|Any CPU.Build.0 = Release|Any CPU
	EndGlobalSection
	GlobalSection(SolutionProperties) = preSolution
		HideSolutionNode = FALSE
	EndGlobalSection
	GlobalSection(ExtensibilityGlobals) = postSolution
		SolutionGuid = {002077A2-03AE-4B42-8744-D14CF4D28981}
	EndGlobalSection
EndGlobal
